
Microsoft Visual Studio Solution File, Format Version 12.00
# Visual Studio Version 17
VisualStudioVersion = 17.8.34511.84
MinimumVisualStudioVersion = 10.0.40219.1
Project("{FAE04EC0-301F-11D3-BF4B-00C04F79EFBC}") = "atlas-task", "atlas-task\atlas-task.csproj", "{F36A46EE-0E13-437A-B660-DD6F7F938544}"
EndProject
Global
	GlobalSection(SolutionConfigurationPlatforms) = preSolution
		Debug|Any CPU = Debug|Any CPU
		Release|Any CPU = Release|Any CPU
	EndGlobalSection
	GlobalSection(ProjectConfigurationPlatforms) = postSolution
		{F36A46EE-0E13-437A-B660-DD6F7F938544}.Debug|Any CPU.ActiveCfg = Debug|Any CPU
		{F36A46EE-0E13-437A-B660-DD6F7F938544}.Debug|Any CPU.Build.0 = Debug|Any CPU
		{F36A46EE-0E13-437A-B660-DD6F7F938544}.Release|Any CPU.ActiveCfg = Release|Any CPU
		{F36A46EE-0E13-437A-B660-DD6F7F938544}.Release|Any CPU.Build.0 = Release|Any CPU
	EndGlobalSection
	GlobalSection(SolutionProperties) = preSolution
		HideSolutionNode = FALSE
	EndGlobalSection
	GlobalSection(ExtensibilityGlobals) = postSolution
		SolutionGuid = {17F12880-587A-46F2-823E-46D96F80FACB}
	EndGlobalSection
EndGlobal
